
Microsoft Visual Studio Solution File, Format Version 12.00
# Visual Studio Version 17
VisualStudioVersion = 17.0.31903.59
MinimumVisualStudioVersion = 10.0.40219.1
Project("{2150E333-8FDC-42A3-9474-1A3956D46DE8}") = "src", "src", "{827E0CD3-B72D-47B6-A68D-7590B98EB39B}"
EndProject
Project("{FAE04EC0-301F-11D3-BF4B-00C04F79EFBC}") = "Domain", "src\Domain\Domain.csproj", "{1325BDFD-D08A-4C04-95BE-613B1057AB5B}"
EndProject
Project("{FAE04EC0-301F-11D3-BF4B-00C04F79EFBC}") = "Contracts", "src\Contracts\Contracts.csproj", "{208A241B-9A96-418E-9B39-5DA1157AD023}"
EndProject
Project("{FAE04EC0-301F-11D3-BF4B-00C04F79EFBC}") = "Application", "src\Application\Application.csproj", "{FC882A87-7E4D-4F9D-8F75-FBAEAD22441F}"
EndProject
Project("{FAE04EC0-301F-11D3-BF4B-00C04F79EFBC}") = "Infrastructure", "src\Infrastructure\Infrastructure.csproj", "{A8061CCD-3628-4990-9E7B-066E6A1824E0}"
EndProject
Project("{FAE04EC0-301F-11D3-BF4B-00C04F79EFBC}") = "Api", "src\Api\Api.csproj", "{83DE11E2-10E0-4A83-9F29-5CA8308A4542}"
EndProject
Project("{FAE04EC0-301F-11D3-BF4B-00C04F79EFBC}") = "TranscriptService", "src\TranscriptService\TranscriptService.csproj", "{BDB5D128-58BA-4AA0-BCC6-12BAA40C487F}"
EndProject
Global
	GlobalSection(SolutionConfigurationPlatforms) = preSolution
		Debug|Any CPU = Debug|Any CPU
		Debug|x64 = Debug|x64
		Debug|x86 = Debug|x86
		Release|Any CPU = Release|Any CPU
		Release|x64 = Release|x64
		Release|x86 = Release|x86
	EndGlobalSection
	GlobalSection(ProjectConfigurationPlatforms) = postSolution
		{1325BDFD-D08A-4C04-95BE-613B1057AB5B}.Debug|Any CPU.ActiveCfg = Debug|Any CPU
		{1325BDFD-D08A-4C04-95BE-613B1057AB5B}.Debug|Any CPU.Build.0 = Debug|Any CPU
		{1325BDFD-D08A-4C04-95BE-613B1057AB5B}.Debug|x64.ActiveCfg = Debug|Any CPU
		{1325BDFD-D08A-4C04-95BE-613B1057AB5B}.Debug|x64.Build.0 = Debug|Any CPU
		{1325BDFD-D08A-4C04-95BE-613B1057AB5B}.Debug|x86.ActiveCfg = Debug|Any CPU
		{1325BDFD-D08A-4C04-95BE-613B1057AB5B}.Debug|x86.Build.0 = Debug|Any CPU
		{1325BDFD-D08A-4C04-95BE-613B1057AB5B}.Release|Any CPU.ActiveCfg = Release|Any CPU
		{1325BDFD-D08A-4C04-95BE-613B1057AB5B}.Release|Any CPU.Build.0 = Release|Any CPU
		{1325BDFD-D08A-4C04-95BE-613B1057AB5B}.Release|x64.ActiveCfg = Release|Any CPU
		{1325BDFD-D08A-4C04-95BE-613B1057AB5B}.Release|x64.Build.0 = Release|Any CPU
		{1325BDFD-D08A-4C04-95BE-613B1057AB5B}.Release|x86.ActiveCfg = Release|Any CPU
		{1325BDFD-D08A-4C04-95BE-613B1057AB5B}.Release|x86.Build.0 = Release|Any CPU
		{208A241B-9A96-418E-9B39-5DA1157AD023}.Debug|Any CPU.ActiveCfg = Debug|Any CPU
		{208A241B-9A96-418E-9B39-5DA1157AD023}.Debug|Any CPU.Build.0 = Debug|Any CPU
		{208A241B-9A96-418E-9B39-5DA1157AD023}.Debug|x64.ActiveCfg = Debug|Any CPU
		{208A241B-9A96-418E-9B39-5DA1157AD023}.Debug|x64.Build.0 = Debug|Any CPU
		{208A241B-9A96-418E-9B39-5DA1157AD023}.Debug|x86.ActiveCfg = Debug|Any CPU
		{208A241B-9A96-418E-9B39-5DA1157AD023}.Debug|x86.Build.0 = Debug|Any CPU
		{208A241B-9A96-418E-9B39-5DA1157AD023}.Release|Any CPU.ActiveCfg = Release|Any CPU
		{208A241B-9A96-418E-9B39-5DA1157AD023}.Release|Any CPU.Build.0 = Release|Any CPU
		{208A241B-9A96-418E-9B39-5DA1157AD023}.Release|x64.ActiveCfg = Release|Any CPU
		{208A241B-9A96-418E-9B39-5DA1157AD023}.Release|x64.Build.0 = Release|Any CPU
		{208A241B-9A96-418E-9B39-5DA1157AD023}.Release|x86.ActiveCfg = Release|Any CPU
		{208A241B-9A96-418E-9B39-5DA1157AD023}.Release|x86.Build.0 = Release|Any CPU
		{FC882A87-7E4D-4F9D-8F75-FBAEAD22441F}.Debug|Any CPU.ActiveCfg = Debug|Any CPU
		{FC882A87-7E4D-4F9D-8F75-FBAEAD22441F}.Debug|Any CPU.Build.0 = Debug|Any CPU
		{FC882A87-7E4D-4F9D-8F75-FBAEAD22441F}.Debug|x64.ActiveCfg = Debug|Any CPU
		{FC882A87-7E4D-4F9D-8F75-FBAEAD22441F}.Debug|x64.Build.0 = Debug|Any CPU
		{FC882A87-7E4D-4F9D-8F75-FBAEAD22441F}.Debug|x86.ActiveCfg = Debug|Any CPU
		{FC882A87-7E4D-4F9D-8F75-FBAEAD22441F}.Debug|x86.Build.0 = Debug|Any CPU
		{FC882A87-7E4D-4F9D-8F75-FBAEAD22441F}.Release|Any CPU.ActiveCfg = Release|Any CPU
		{FC882A87-7E4D-4F9D-8F75-FBAEAD22441F}.Release|Any CPU.Build.0 = Release|Any CPU
		{FC882A87-7E4D-4F9D-8F75-FBAEAD22441F}.Release|x64.ActiveCfg = Release|Any CPU
		{FC882A87-7E4D-4F9D-8F75-FBAEAD22441F}.Release|x64.Build.0 = Release|Any CPU
		{FC882A87-7E4D-4F9D-8F75-FBAEAD22441F}.Release|x86.ActiveCfg = Release|Any CPU
		{FC882A87-7E4D-4F9D-8F75-FBAEAD22441F}.Release|x86.Build.0 = Release|Any CPU
		{A8061CCD-3628-4990-9E7B-066E6A1824E0}.Debug|Any CPU.ActiveCfg = Debug|Any CPU
		{A8061CCD-3628-4990-9E7B-066E6A1824E0}.Debug|Any CPU.Build.0 = Debug|Any CPU
		{A8061CCD-3628-4990-9E7B-066E6A1824E0}.Debug|x64.ActiveCfg = Debug|Any CPU
		{A8061CCD-3628-4990-9E7B-066E6A1824E0}.Debug|x64.Build.0 = Debug|Any CPU
		{A8061CCD-3628-4990-9E7B-066E6A1824E0}.Debug|x86.ActiveCfg = Debug|Any CPU
		{A8061CCD-3628-4990-9E7B-066E6A1824E0}.Debug|x86.Build.0 = Debug|Any CPU
		{A8061CCD-3628-4990-9E7B-066E6A1824E0}.Release|Any CPU.ActiveCfg = Release|Any CPU
		{A8061CCD-3628-4990-9E7B-066E6A1824E0}.Release|Any CPU.Build.0 = Release|Any CPU
		{A8061CCD-3628-4990-9E7B-066E6A1824E0}.Release|x64.ActiveCfg = Release|Any CPU
		{A8061CCD-3628-4990-9E7B-066E6A1824E0}.Release|x64.Build.0 = Release|Any CPU
		{A8061CCD-3628-4990-9E7B-066E6A1824E0}.Release|x86.ActiveCfg = Release|Any CPU
		{A8061CCD-3628-4990-9E7B-066E6A1824E0}.Release|x86.Build.0 = Release|Any CPU
		{83DE11E2-10E0-4A83-9F29-5CA8308A4542}.Debug|Any CPU.ActiveCfg = Debug|Any CPU
		{83DE11E2-10E0-4A83-9F29-5CA8308A4542}.Debug|Any CPU.Build.0 = Debug|Any CPU
		{83DE11E2-10E0-4A83-9F29-5CA8308A4542}.Debug|x64.ActiveCfg = Debug|Any CPU
		{83DE11E2-10E0-4A83-9F29-5CA8308A4542}.Debug|x64.Build.0 = Debug|Any CPU
		{83DE11E2-10E0-4A83-9F29-5CA8308A4542}.Debug|x86.ActiveCfg = Debug|Any CPU
		{83DE11E2-10E0-4A83-9F29-5CA8308A4542}.Debug|x86.Build.0 = Debug|Any CPU
		{83DE11E2-10E0-4A83-9F29-5CA8308A4542}.Release|Any CPU.ActiveCfg = Release|Any CPU
		{83DE11E2-10E0-4A83-9F29-5CA8308A4542}.Release|Any CPU.Build.0 = Release|Any CPU
		{83DE11E2-10E0-4A83-9F29-5CA8308A4542}.Release|x64.ActiveCfg = Release|Any CPU
		{83DE11E2-10E0-4A83-9F29-5CA8308A4542}.Release|x64.Build.0 = Release|Any CPU
		{83DE11E2-10E0-4A83-9F29-5CA8308A4542}.Release|x86.ActiveCfg = Release|Any CPU
		{83DE11E2-10E0-4A83-9F29-5CA8308A4542}.Release|x86.Build.0 = Release|Any CPU
		{BDB5D128-58BA-4AA0-BCC6-12BAA40C487F}.Debug|Any CPU.ActiveCfg = Debug|Any CPU
		{BDB5D128-58BA-4AA0-BCC6-12BAA40C487F}.Debug|Any CPU.Build.0 = Debug|Any CPU
		{BDB5D128-58BA-4AA0-BCC6-12BAA40C487F}.Debug|x64.ActiveCfg = Debug|Any CPU
		{BDB5D128-58BA-4AA0-BCC6-12BAA40C487F}.Debug|x64.Build.0 = Debug|Any CPU
		{BDB5D128-58BA-4AA0-BCC6-12BAA40C487F}.Debug|x86.ActiveCfg = Debug|Any CPU
		{BDB5D128-58BA-4AA0-BCC6-12BAA40C487F}.Debug|x86.Build.0 = Debug|Any CPU
		{BDB5D128-58BA-4AA0-BCC6-12BAA40C487F}.Release|Any CPU.ActiveCfg = Release|Any CPU
		{BDB5D128-58BA-4AA0-BCC6-12BAA40C487F}.Release|Any CPU.Build.0 = Release|Any CPU
		{BDB5D128-58BA-4AA0-BCC6-12BAA40C487F}.Release|x64.ActiveCfg = Release|Any CPU
		{BDB5D128-58BA-4AA0-BCC6-12BAA40C487F}.Release|x64.Build.0 = Release|Any CPU
		{BDB5D128-58BA-4AA0-BCC6-12BAA40C487F}.Release|x86.ActiveCfg = Release|Any CPU
		{BDB5D128-58BA-4AA0-BCC6-12BAA40C487F}.Release|x86.Build.0 = Release|Any CPU
	EndGlobalSection
	GlobalSection(SolutionProperties) = preSolution
		HideSolutionNode = FALSE
	EndGlobalSection
	GlobalSection(NestedProjects) = preSolution
		{1325BDFD-D08A-4C04-95BE-613B1057AB5B} = {827E0CD3-B72D-47B6-A68D-7590B98EB39B}
		{208A241B-9A96-418E-9B39-5DA1157AD023} = {827E0CD3-B72D-47B6-A68D-7590B98EB39B}
		{FC882A87-7E4D-4F9D-8F75-FBAEAD22441F} = {827E0CD3-B72D-47B6-A68D-7590B98EB39B}
		{A8061CCD-3628-4990-9E7B-066E6A1824E0} = {827E0CD3-B72D-47B6-A68D-7590B98EB39B}
		{83DE11E2-10E0-4A83-9F29-5CA8308A4542} = {827E0CD3-B72D-47B6-A68D-7590B98EB39B}
		{BDB5D128-58BA-4AA0-BCC6-12BAA40C487F} = {827E0CD3-B72D-47B6-A68D-7590B98EB39B}
	EndGlobalSection
EndGlobal
